{
  "lockfile_version": "1",
  "packages": {
    "gcc-unwrapped.lib": {
      "resolved": "github:NixOS/nixpkgs/02f5696b0e6097e589076d886b317b83ff0437d7?narHash=sha256-llGJbC0CcU8DfROr6mZjRJgMLQd%2FSKwfpzxJH%2F2lHO4%3D#gcc-unwrapped.lib",
      "source": "nixpkg"
    },
    "git@latest": {
      "last_modified": "2026-08-27T07:16:00Z",
      "resolved": "github:NixOS/nixpkgs/c27cdad491a991b11ed731760aa2ef8db0cb0410#git",
      "source": "devbox-search",
      "version": "2.55.0",
      "systems": {
        "aarch64-darwin": {
          "outputs": [
            {
              "name": "out",
              "path": "/nix/store/yqw09igi72yxpgy3d1b25vbh5l8rx227-git-2.55.0",
              "default": true
            },
            {
              "name": "doc",
              "path": "/nix/store/i8y217wsan9w8l62m7w2a0rrnmviaqqk-git-2.55.0-doc"
            }
          ],
          "store_path": "/nix/store/yqw09igi72yxpgy3d1b25vbh5l8rx227-git-2.55.0"
        },
        "aarch64-linux": {
          "outputs": [
            {
              "name": "out",
              "path": "/nix/store/clxhwm4v3gl0k3hazm0zpx14gz2w0clz-git-2.55.0",
              "default": true
            },
            {
              "name": "debug",
              "path": "/nix/store/1asxbx6r55sylz2ljdzk6404i0w28iri-git-2.55.0-debug"
            },
            {
              "name": "doc",
              "path": "/nix/store/ryn8xbxi2i1d2dharz9r7kb2ymqfgkyw-git-2.55.0-doc"
            }
          ],
          "store_path": "/nix/store/clxhwm4v3gl0k3hazm0zpx14gz2w0clz-git-2.55.0"
        },
        "x86_64-linux": {
          "outputs": [
            {
              "name": "out",
              "path": "/nix/store/8yjpgadavqdwphcd2kw4dfvxmgdp5sb3-git-2.55.0",
              "default": true
            },
            {
              "name": "debug",
              "path": "/nix/store/xf0wk67lvyxg1bkwi2rf6iszxlvj0yxj-git-2.55.0-debug"
            },
            {
              "name": "doc",
              "path": "/nix/store/yvx5ayi3k6gh8xgk9yxc9gpy0jb7f14l-git-2.55.0-doc"
            }
          ],
          "store_path": "/nix/store/8yjpgadavqdwphcd2kw4dfvxmgdp5sb3-git-2.55.0"
        }
      }
    },
    "github:NixOS/nixpkgs/nixpkgs-unstable": {
      "last_modified": "2026-09-13T01:58:51Z",
      "resolved": "github:NixOS/nixpkgs/02f5696b0e6097e589076d886b317b83ff0437d7?lastModified=1789264731&narHash=sha256-llGJbC0CcU8DfROr6mZjRJgMLQd%2FSKwfpzxJH%2F2lHO4%3D"
    },
    "gum@latest": {
      "last_modified": "2026-08-27T07:16:00Z",
      "resolved": "github:NixOS/nixpkgs/c27cdad491a991b11ed731760aa2ef8db0cb0410#gum",
      "source": "devbox-search",
      "version": "2.0.0",
      "systems": {
        "aarch64-darwin": {
          "outputs": [
            {
              "name": "out",
              "path": "/nix/store/bmw22793009g1j9r50phby3981zai170-gum-2.0.0",
              "default": true
            }
          ],
          "store_path": "/nix/store/bmw22793009g1j9r50phby3981zai170-gum-2.0.0"
        },
        "aarch64-linux": {
          "outputs": [
            {
              "name": "out",
              "path": "/nix/store/clmwfm4asd0834sm9kcwg35fmx5lk1gs-gum-2.0.0",
              "default": true
            }
          ],
          "store_path": "/nix/store/clmwfm4asd0834sm9kcwg35fmx5lk1gs-gum-2.0.0"
        },
        "x86_64-linux": {
          "outputs": [
            {
              "name": "out",
              "path": "/nix/store/a6zkjhi574zg3rjl0b3ri0cx102qbd26-gum-2.0.0",
              "default": true
            }
          ],
          "store_path": "/nix/store/a6zkjhi574zg3rjl0b3ri0cx102qbd26-gum-2.0.0"
        }
      }
    },
    "libgcc": {
      "resolved": "github:NixOS/nixpkgs/02f5696b0e6097e589076d886b317b83ff0437d7?narHash=sha256-llGJbC0CcU8DfROr6mZjRJgMLQd%2FSKwfpzxJH%2F2lHO4%3D#libgcc",
      "source": "nixpkg"
    },
    "python312Packages.pip@latest": {
      "last_modified": "2025-11-23T21:50:36Z",
      "resolved": "github:NixOS/nixpkgs/ee09932cedcef15aaf476f9343d1dea2cb77e261#python312Packages.pip",
      "source": "devbox-search",
      "version": "25.0.1",
      "systems": {
        "aarch64-darwin": {
          "outputs": [
            {
              "name": "out",
              "path": "/nix/store/hnay7d9b8w7rx825dxgqf3nhlwayzlg3-python3.12-pip-25.0.1",
              "default": true
            },
            {
              "name": "man",
              "path": "/nix/store/qqd1r168y4sabv7rhxs4dfairp0w2x7v-python3.12-pip-25.0.1-man",
              "default": true
            },
            {
              "name": "dist",
              "path": "/nix/store/rzfqyb0l8hdv880lrk3d2w6484w985ym-python3.12-pip-25.0.1-dist"
            }
          ],
          "store_path": "/nix/store/hnay7d9b8w7rx825dxgqf3nhlwayzlg3-python3.12-pip-25.0.1"
        },
        "aarch64-linux": {
          "outputs": [
            {
              "name": "out",
              "path": "/nix/store/6414365485ywyh0bw6v1i1ps0jyrvk6y-python3.12-pip-25.0.1",
              "default": true
            },
            {
              "name": "man",
              "path": "/nix/store/wxn5yc797qrxw0cvzqhgsspb8rcb561k-python3.12-pip-25.0.1-man",
              "default": true
            },
            {
              "name": "dist",
              "path": "/nix/store/jinhkx1in1gfgqqjc6vkm4d40zfq6lf9-python3.12-pip-25.0.1-dist"
            }
          ],
          "store_path": "/nix/store/6414365485ywyh0bw6v1i1ps0jyrvk6y-python3.12-pip-25.0.1"
        },
        "x86_64-darwin": {
          "outputs": [
            {
              "name": "out",
              "path": "/nix/store/5cir6lgryqnssm5fvd5wab2bc6g61rmg-python3.12-pip-25.0.1",
              "default": true
            },
            {
              "name": "man",
              "path": "/nix/store/7idqy3rlx2pycdwg3a17rjjp0n8jmrqb-python3.12-pip-25.0.1-man",
              "default": true
            },
            {
              "name": "dist",
              "path": "/nix/store/mraak0x6kqigq1zlm9l4l338xb4pv071-python3.12-pip-25.0.1-dist"
            }
          ],
          "store_path": "/nix/store/5cir6lgryqnssm5fvd5wab2bc6g61rmg-python3.12-pip-25.0.1"
        },
        "x86_64-linux": {
          "outputs": [
            {
              "name": "out",
              "path": "/nix/store/s5jl20jq8gwrm9xpzsa925zgal4qf2cm-python3.12-pip-25.0.1",
              "default": true
            },
            {
              "name": "man",
              "path": "/nix/store/19p9qpx0fadsqrvyk4rv68c47r3mp7xp-python3.12-pip-25.0.1-man",
              "default": true
            },
            {
              "name": "dist",
              "path": "/nix/store/1vfsfxpi1b0cva4q1v2j2if1pj4hqvvc-python3.12-pip-25.0.1-dist"
            }
          ],
          "store_path": "/nix/store/s5jl20jq8gwrm9xpzsa925zgal4qf2cm-python3.12-pip-25.0.1"
        }
      }
    },
    "python@3.12": {
      "last_modified": "2026-08-27T07:16:00Z",
      "plugin_version": "0.0.4",
      "resolved": "github:NixOS/nixpkgs/c27cdad491a991b11ed731760aa2ef8db0cb0410#python312",
      "source": "devbox-search",
      "version": "3.12.14",
      "systems": {
        "aarch64-darwin": {
          "outputs": [
            {
              "name": "out",
              "path": "/nix/store/p1wfv7znig26m3hns4583cb9va3kzxkg-python3-3.12.14",
              "default": true
            }
          ],
          "store_path": "/nix/store/p1wfv7znig26m3hns4583cb9va3kzxkg-python3-3.12.14"
        },
        "aarch64-linux": {
          "outputs": [
            {
              "name": "out",
              "path": "/nix/store/gsf1fvx39nm1hlj8wq6qr1xjicxnzf2v-python3-3.12.14",
              "default": true
            },
            {
              "name": "debug",
              "path": "/nix/store/n26dkq3a90vpsly3cmpjm7k5bz7i6las-python3-3.12.14-debug"
            }
          ],
          "store_path": "/nix/store/gsf1fvx39nm1hlj8wq6qr1xjicxnzf2v-python3-3.12.14"
        },
        "x86_64-linux": {
          "outputs": [
            {
              "name": "out",
              "path": "/nix/store/9ka5lknbqqg6nzs3zp6qyncf1k3ayz97-python3-3.12.14",
              "default": true
            },
            {
              "name": "debug",
              "path": "/nix/store/ikyc73znayjnlld5rj1mwws9rhi0gaba-python3-3.12.14-debug"
            }
          ],
          "store_path": "/nix/store/9ka5lknbqqg6nzs3zp6qyncf1k3ayz97-python3-3.12.14"
        }
      }
    },
    "uv": {
      "resolved": "github:NixOS/nixpkgs/02f5696b0e6097e589076d886b317b83ff0437d7?narHash=sha256-llGJbC0CcU8DfROr6mZjRJgMLQd%2FSKwfpzxJH%2F2lHO4%3D#uv",
      "source": "nixpkg"
    },
    "zlib": {
      "resolved": "github:NixOS/nixpkgs/02f5696b0e6097e589076d886b317b83ff0437d7?narHash=sha256-llGJbC0CcU8DfROr6mZjRJgMLQd%2FSKwfpzxJH%2F2lHO4%3D#zlib",
      "source": "nixpkg"
    }
  }
}
